
Microsoft Visual Studio Solution File, Format Version 12.00
# Visual Studio Version 16
VisualStudioVersion = 16.0.29926.136
MinimumVisualStudioVersion = 10.0.40219.1
Project("{FAE04EC0-301F-11D3-BF4B-00C04F79EFBC}") = "Vanjaro.Core", "DesktopModules\Vanjaro\Core\Library\Vanjaro.Core.csproj", "{3ED0D4A5-E2DA-4DD9-AB64-9E0A2B6B4305}"
	ProjectSection(ProjectDependencies) = postProject
		{82603EB3-CFEC-4101-837A-7581D3300540} = {82603EB3-CFEC-4101-837A-7581D3300540}
	EndProjectSection
EndProject
Project("{2150E333-8FDC-42A3-9474-1A3956D46DE8}") = "Extensions", "Extensions", "{06B95082-4710-4862-BB7A-80A5C0F56B03}"
EndProject
Project("{2150E333-8FDC-42A3-9474-1A3956D46DE8}") = "Libraries", "Libraries", "{4E3F7CF8-9178-4C95-8662-A221E237C05A}"
EndProject
Project("{2150E333-8FDC-42A3-9474-1A3956D46DE8}") = "Providers", "Providers", "{C06E9479-0ABA-4FA5-9489-2BE3E90167AB}"
EndProject
Project("{FAE04EC0-301F-11D3-BF4B-00C04F79EFBC}") = "Vanjaro.Common", "DesktopModules\Vanjaro\Common\Vanjaro.Common.csproj", "{82603EB3-CFEC-4101-837A-7581D3300540}"
EndProject
Project("{FAE04EC0-301F-11D3-BF4B-00C04F79EFBC}") = "Notification", "DesktopModules\Vanjaro\Core\Extensions\Notification\Notification\Notification.csproj", "{6C622A84-9FB2-4560-83E2-0A68F8C4CF62}"
EndProject
Project("{FAE04EC0-301F-11D3-BF4B-00C04F79EFBC}") = "Review", "DesktopModules\Vanjaro\Core\Extensions\Workflow\Review\Review.csproj", "{D7D6512E-4041-454C-9989-501BB864DFB4}"
EndProject
Project("{2150E333-8FDC-42A3-9474-1A3956D46DE8}") = "Authentication", "Authentication", "{EA0C6E7E-12B0-4756-92E6-0B063B1FFEB7}"
EndProject
Project("{FAE04EC0-301F-11D3-BF4B-00C04F79EFBC}") = "Authentication", "DesktopModules\Vanjaro\Core\Providers\Authentication\Authentication.csproj", "{C57FD756-469D-43DE-99D5-2D9447610EAB}"
EndProject
Project("{2150E333-8FDC-42A3-9474-1A3956D46DE8}") = "UX", "UX", "{4B56FCD9-AB86-46A1-AD4B-E58F4FA94662}"
EndProject
Project("{FAE04EC0-301F-11D3-BF4B-00C04F79EFBC}") = "Vanjaro.Skin", "Portals\_default\Skins\Vanjaro\Vanjaro.Skin.csproj", "{2BF9EFC3-BBB3-4FBC-847E-110F2B232F75}"
	ProjectSection(ProjectDependencies) = postProject
		{82603EB3-CFEC-4101-837A-7581D3300540} = {82603EB3-CFEC-4101-837A-7581D3300540}
	EndProjectSection
EndProject
Project("{FAE04EC0-301F-11D3-BF4B-00C04F79EFBC}") = "Vanjaro.Container", "Portals\_default\Containers\Vanjaro\Vanjaro.Container.csproj", "{2CF08854-C479-4CD0-AD52-5B4D4AC1FBE9}"
EndProject
Project("{2150E333-8FDC-42A3-9474-1A3956D46DE8}") = "Apps", "Apps", "{D1CE2EAA-57A3-4E39-9B53-0173CCAAD738}"
EndProject
Project("{2150E333-8FDC-42A3-9474-1A3956D46DE8}") = "Blocks", "Blocks", "{F9D36388-B85A-4036-923A-C0C5C80DCF79}"
EndProject
Project("{2150E333-8FDC-42A3-9474-1A3956D46DE8}") = "Menu", "Menu", "{E801F63F-A7CB-4367-A310-BC2D89D4D027}"
EndProject
Project("{2150E333-8FDC-42A3-9474-1A3956D46DE8}") = "Integrations", "Integrations", "{AE289E00-EFE5-4EB0-9AF1-9B7E406CBDA2}"
EndProject
Project("{2150E333-8FDC-42A3-9474-1A3956D46DE8}") = "Toolbar", "Toolbar", "{665ACA84-F4B8-4BAB-8D28-F4CEB1038E4B}"
EndProject
Project("{FAE04EC0-301F-11D3-BF4B-00C04F79EFBC}") = "About", "DesktopModules\Vanjaro\UXManager\Extensions\Apps\About\About.csproj", "{DC68FFCE-8B6C-4E68-9EA8-88F40593773E}"
	ProjectSection(ProjectDependencies) = postProject
		{203151E8-6239-447C-8BF3-41F864A35B23} = {203151E8-6239-447C-8BF3-41F864A35B23}
	EndProjectSection
EndProject
Project("{FAE04EC0-301F-11D3-BF4B-00C04F79EFBC}") = "Vanjaro.UX", "DesktopModules\Vanjaro\UXManager\Library\Vanjaro.UX.csproj", "{203151E8-6239-447C-8BF3-41F864A35B23}"
EndProject
Project("{FAE04EC0-301F-11D3-BF4B-00C04F79EFBC}") = "Icon", "DesktopModules\Vanjaro\UXManager\Extensions\Apps\Icon\Icon.csproj", "{5A2FDB0F-EC95-44A1-9CF4-3CAC9BB6C202}"
EndProject
Project("{FAE04EC0-301F-11D3-BF4B-00C04F79EFBC}") = "Image", "DesktopModules\Vanjaro\UXManager\Extensions\Apps\Image\Image.csproj", "{9A8E68C0-3760-4E30-81F8-31C2F5C0DE58}"
EndProject
Project("{FAE04EC0-301F-11D3-BF4B-00C04F79EFBC}") = "Link", "DesktopModules\Vanjaro\UXManager\Extensions\Apps\Link\Link.csproj", "{8E49405C-FF8D-4C9D-9BFE-C42FA5E1F219}"
EndProject
Project("{FAE04EC0-301F-11D3-BF4B-00C04F79EFBC}") = "ModuleSettings", "DesktopModules\Vanjaro\UXManager\Extensions\Apps\ModuleSettings\ModuleSettings.csproj", "{791BD0E5-7940-4848-8739-83AE73AB4EA9}"
EndProject
Project("{FAE04EC0-301F-11D3-BF4B-00C04F79EFBC}") = "Video", "DesktopModules\Vanjaro\UXManager\Extensions\Apps\Video\Video.csproj", "{E0438231-4675-4CE7-B8C8-342AB24E6F41}"
EndProject
Project("{FAE04EC0-301F-11D3-BF4B-00C04F79EFBC}") = "BreadCrumb", "DesktopModules\Vanjaro\UXManager\Extensions\Block\BreadCrumb\BreadCrumb.csproj", "{944BFF0E-0E07-440F-AB49-85E67A3CEF84}"
EndProject
Project("{FAE04EC0-301F-11D3-BF4B-00C04F79EFBC}") = "Custom", "DesktopModules\Vanjaro\UXManager\Extensions\Block\Custom\Custom.csproj", "{6DDDD6C6-9497-4417-9058-16B9735E2C0E}"
EndProject
Project("{FAE04EC0-301F-11D3-BF4B-00C04F79EFBC}") = "BlockLanguage", "DesktopModules\Vanjaro\UXManager\Extensions\Block\Language\BlockLanguage.csproj", "{853FFE9D-022D-4B1F-8D59-72EBF6709CD1}"
EndProject
Project("{FAE04EC0-301F-11D3-BF4B-00C04F79EFBC}") = "Login", "DesktopModules\Vanjaro\UXManager\Extensions\Block\Login\Login.csproj", "{C88C68EB-E2D4-41EF-AF5B-0037ABD3EAC0}"
EndProject
Project("{FAE04EC0-301F-11D3-BF4B-00C04F79EFBC}") = "LoginLink", "DesktopModules\Vanjaro\UXManager\Extensions\Block\LoginLink\LoginLink.csproj", "{E3107EB3-6699-4EFD-92FA-FAFF6A70D429}"
EndProject
Project("{FAE04EC0-301F-11D3-BF4B-00C04F79EFBC}") = "Logo", "DesktopModules\Vanjaro\UXManager\Extensions\Block\Logo\Logo.csproj", "{2242CB5A-F0EC-476D-8319-969A79E5CE18}"
EndProject
Project("{FAE04EC0-301F-11D3-BF4B-00C04F79EFBC}") = "Menu", "DesktopModules\Vanjaro\UXManager\Extensions\Block\Menu\Menu.csproj", "{2CFFE34F-B7B6-4780-8571-7EE8023121CA}"
EndProject
Project("{FAE04EC0-301F-11D3-BF4B-00C04F79EFBC}") = "Profile", "DesktopModules\Vanjaro\UXManager\Extensions\Block\Profile\Profile.csproj", "{3A59DA7E-D038-46EB-8FB7-33CCCA5E3A7C}"
EndProject
Project("{FAE04EC0-301F-11D3-BF4B-00C04F79EFBC}") = "Register", "DesktopModules\Vanjaro\UXManager\Extensions\Block\Register\Register.csproj", "{C81E7366-9A0A-4B69-8C51-851FF6C36106}"
EndProject
Project("{FAE04EC0-301F-11D3-BF4B-00C04F79EFBC}") = "RegisterLink", "DesktopModules\Vanjaro\UXManager\Extensions\Block\RegisterLink\RegisterLink.csproj", "{CC840C91-5E0F-4E34-8710-F9F6D2F87F0C}"
EndProject
Project("{FAE04EC0-301F-11D3-BF4B-00C04F79EFBC}") = "SearchInput", "DesktopModules\Vanjaro\UXManager\Extensions\Block\SearchInput\SearchInput.csproj", "{9A1624C8-7480-4B9D-A9C9-F463267BAB8F}"
EndProject
Project("{FAE04EC0-301F-11D3-BF4B-00C04F79EFBC}") = "SearchResult", "DesktopModules\Vanjaro\UXManager\Extensions\Block\SearchResult\SearchResult.csproj", "{86789960-1C4E-4473-A26D-9DDDA71415E8}"
EndProject
Project("{FAE04EC0-301F-11D3-BF4B-00C04F79EFBC}") = "DeviceMode", "DesktopModules\Vanjaro\UXManager\Extensions\Toolbar\DeviceMode\DeviceMode.csproj", "{32BE808C-7DA0-4D5E-AF6C-9DBFE67B7DD5}"
EndProject
Project("{FAE04EC0-301F-11D3-BF4B-00C04F79EFBC}") = "Fullscreen", "DesktopModules\Vanjaro\UXManager\Extensions\Toolbar\Fullscreen\Fullscreen.csproj", "{A3CF03BA-248D-42E2-98A9-B83AFF542806}"
EndProject
Project("{FAE04EC0-301F-11D3-BF4B-00C04F79EFBC}") = "Language", "DesktopModules\Vanjaro\UXManager\Extensions\Toolbar\Language\Language.csproj", "{B1DE1142-EE87-47A5-82C1-FE73DCE1DA4F}"
EndProject
Project("{FAE04EC0-301F-11D3-BF4B-00C04F79EFBC}") = "Navigator", "DesktopModules\Vanjaro\UXManager\Extensions\Toolbar\Navigator\Navigator.csproj", "{67837523-7B10-4D1A-8CDB-A8C6355B0AD2}"
EndProject
Project("{FAE04EC0-301F-11D3-BF4B-00C04F79EFBC}") = "PageSetting", "DesktopModules\Vanjaro\UXManager\Extensions\Toolbar\PageSetting\PageSetting.csproj", "{8AA102A4-4427-41BE-838C-A5C5E59EE015}"
EndProject
Project("{FAE04EC0-301F-11D3-BF4B-00C04F79EFBC}") = "Preview", "DesktopModules\Vanjaro\UXManager\Extensions\Toolbar\Preview\Preview.csproj", "{AD8F6715-EDD4-48D8-AAB9-35B094AE7856}"
EndProject
Project("{FAE04EC0-301F-11D3-BF4B-00C04F79EFBC}") = "Redo", "DesktopModules\Vanjaro\UXManager\Extensions\Toolbar\Redo\Redo.csproj", "{4FE6D156-AD38-430E-9029-4E5E88C26BA1}"
EndProject
Project("{FAE04EC0-301F-11D3-BF4B-00C04F79EFBC}") = "Undo", "DesktopModules\Vanjaro\UXManager\Extensions\Toolbar\Undo\Undo.csproj", "{E05355DF-D59E-471E-A7B7-5FC9C709EDD9}"
EndProject
Project("{FAE04EC0-301F-11D3-BF4B-00C04F79EFBC}") = "VersionManagement", "DesktopModules\Vanjaro\UXManager\Extensions\Toolbar\VersionManagement\VersionManagement.csproj", "{66FE5539-D461-4487-A254-4F934DF2FE11}"
EndProject
Project("{FAE04EC0-301F-11D3-BF4B-00C04F79EFBC}") = "ViewLayout", "DesktopModules\Vanjaro\UXManager\Extensions\Toolbar\ViewLayout\ViewLayout.csproj", "{90908C6D-AD6E-4AA2-AEC3-F5143D598CBE}"
EndProject
Project("{FAE04EC0-301F-11D3-BF4B-00C04F79EFBC}") = "Azure", "DesktopModules\Vanjaro\UXManager\Extensions\Menu\Azure\Azure.csproj", "{CC6EB7B7-A071-4DCB-AE59-473AA5D0BD68}"
EndProject
Project("{FAE04EC0-301F-11D3-BF4B-00C04F79EFBC}") = "EmailServiceProvider", "DesktopModules\Vanjaro\UXManager\Extensions\Menu\EmailServiceProvider\EmailServiceProvider.csproj", "{601C5977-EEFA-453B-B37D-6083B50C1EB4}"
EndProject
Project("{FAE04EC0-301F-11D3-BF4B-00C04F79EFBC}") = "GoogleAnalytics", "DesktopModules\Vanjaro\UXManager\Extensions\Menu\GoogleAnalytics\GoogleAnalytics.csproj", "{E51E3C63-C557-4887-AD03-AE24628B9EA7}"
EndProject
Project("{FAE04EC0-301F-11D3-BF4B-00C04F79EFBC}") = "Pixabay", "DesktopModules\Vanjaro\UXManager\Extensions\Menu\Pixabay\Pixabay.csproj", "{D56919BF-06E5-42A4-A426-5B77C339B208}"
EndProject
Project("{FAE04EC0-301F-11D3-BF4B-00C04F79EFBC}") = "YouTube", "DesktopModules\Vanjaro\UXManager\Extensions\Menu\YouTube\YouTube.csproj", "{7E0E51E5-11AF-4A32-978E-4CDBAD2F7293}"
EndProject
Project("{FAE04EC0-301F-11D3-BF4B-00C04F79EFBC}") = "Assets", "DesktopModules\Vanjaro\UXManager\Extensions\Menu\Assets\Assets.csproj", "{86B1C940-E613-4C00-A9AA-D4132B99136A}"
EndProject
Project("{FAE04EC0-301F-11D3-BF4B-00C04F79EFBC}") = "CustomCSS", "DesktopModules\Vanjaro\UXManager\Extensions\Menu\CustomCSS\CustomCSS.csproj", "{D84368F3-E040-4578-B15C-BE6DBF358ED8}"
EndProject
Project("{FAE04EC0-301F-11D3-BF4B-00C04F79EFBC}") = "Domain", "DesktopModules\Vanjaro\UXManager\Extensions\Menu\Domain\Domain.csproj", "{DFECDAD2-4818-4379-BD46-E844579492B9}"
EndProject
Project("{FAE04EC0-301F-11D3-BF4B-00C04F79EFBC}") = "Extensions", "DesktopModules\Vanjaro\UXManager\Extensions\Menu\Extensions\Extensions.csproj", "{126F8C3B-45E5-4AC2-A2FD-0BB1D2C798E6}"
EndProject
Project("{FAE04EC0-301F-11D3-BF4B-00C04F79EFBC}") = "Help", "DesktopModules\Vanjaro\UXManager\Extensions\Menu\Help\Help.csproj", "{D6EBB03B-4528-45EB-92BC-97E1E88371D8}"
EndProject
Project("{FAE04EC0-301F-11D3-BF4B-00C04F79EFBC}") = "Languages", "DesktopModules\Vanjaro\UXManager\Extensions\Menu\Languages\Languages.csproj", "{B150C114-F1C4-479C-BC85-4CFA25557D4B}"
EndProject
Project("{FAE04EC0-301F-11D3-BF4B-00C04F79EFBC}") = "LogoAndTitle", "DesktopModules\Vanjaro\UXManager\Extensions\Menu\LogoAndTitle\LogoAndTitle.csproj", "{EABF1605-D28B-41B5-A314-7E8AA2DE2441}"
EndProject
Project("{FAE04EC0-301F-11D3-BF4B-00C04F79EFBC}") = "Logs", "DesktopModules\Vanjaro\UXManager\Extensions\Menu\Logs\Logs.csproj", "{02EBB6DB-AA8F-4589-B05C-E6B6F215251D}"
EndProject
Project("{FAE04EC0-301F-11D3-BF4B-00C04F79EFBC}") = "LogsSettings", "DesktopModules\Vanjaro\UXManager\Extensions\Menu\LogsSettings\LogsSettings.csproj", "{1923332A-9B4B-429B-A3B6-9EB486F461AC}"
EndProject
Project("{FAE04EC0-301F-11D3-BF4B-00C04F79EFBC}") = "Pages", "DesktopModules\Vanjaro\UXManager\Extensions\Menu\Pages\Pages.csproj", "{61695DE8-E5B1-4CB7-8476-5D601F8BE990}"
EndProject
Project("{FAE04EC0-301F-11D3-BF4B-00C04F79EFBC}") = "Roles", "DesktopModules\Vanjaro\UXManager\Extensions\Menu\Roles\Roles.csproj", "{A1C9EE2E-4CD8-4BA2-B914-862F540CE3BE}"
EndProject
Project("{FAE04EC0-301F-11D3-BF4B-00C04F79EFBC}") = "Scheduler", "DesktopModules\Vanjaro\UXManager\Extensions\Menu\Scheduler\Scheduler.csproj", "{939606B5-D3D6-46B0-A09D-024508D8DDAF}"
EndProject
Project("{FAE04EC0-301F-11D3-BF4B-00C04F79EFBC}") = "Security", "DesktopModules\Vanjaro\UXManager\Extensions\Menu\Security\Security.csproj", "{7C83F665-53C5-47D0-94C5-44C4F2EBE3BA}"
EndProject
Project("{FAE04EC0-301F-11D3-BF4B-00C04F79EFBC}") = "SEO", "DesktopModules\Vanjaro\UXManager\Extensions\Menu\SEO\SEO.csproj", "{E061AA78-7571-4F28-908A-31A65B1694AD}"
EndProject
Project("{FAE04EC0-301F-11D3-BF4B-00C04F79EFBC}") = "Sites", "DesktopModules\Vanjaro\UXManager\Extensions\Menu\Sites\Sites.csproj", "{5C8394F0-8A14-4999-8B0A-228274505DC0}"
EndProject
Project("{FAE04EC0-301F-11D3-BF4B-00C04F79EFBC}") = "SQLConsole", "DesktopModules\Vanjaro\UXManager\Extensions\Menu\SQLConsole\SQLConsole.csproj", "{C7D02EE5-0035-4655-AFCC-1F9210C7A890}"
EndProject
Project("{FAE04EC0-301F-11D3-BF4B-00C04F79EFBC}") = "Theme", "DesktopModules\Vanjaro\UXManager\Extensions\Menu\Theme\Theme.csproj", "{8E2887FA-A86D-4C43-82CC-7DA42F87987B}"
EndProject
Project("{FAE04EC0-301F-11D3-BF4B-00C04F79EFBC}") = "ThemeBuilder", "DesktopModules\Vanjaro\UXManager\Extensions\Menu\ThemeBuilder\ThemeBuilder.csproj", "{C2F01381-19BB-421A-900F-525EEFCE3C3B}"
EndProject
Project("{FAE04EC0-301F-11D3-BF4B-00C04F79EFBC}") = "Users", "DesktopModules\Vanjaro\UXManager\Extensions\Menu\Users\Users.csproj", "{7C315B11-BD8A-4655-92A7-4D92589F7CF4}"
EndProject
Project("{FAE04EC0-301F-11D3-BF4B-00C04F79EFBC}") = "Workflow", "DesktopModules\Vanjaro\UXManager\Extensions\Menu\Workflow\Workflow.csproj", "{4E9C5A5F-0AD2-468F-ACF4-4F8947DD6C0B}"
EndProject
Project("{FAE04EC0-301F-11D3-BF4B-00C04F79EFBC}") = "Privacy", "DesktopModules\Vanjaro\UXManager\Extensions\Menu\Privacy\Privacy.csproj", "{8DB99844-FB01-4465-B22F-2943A9D80A45}"
EndProject
Project("{FAE04EC0-301F-11D3-BF4B-00C04F79EFBC}") = "MemberProfile", "DesktopModules\Vanjaro\UXManager\Extensions\Menu\MemberProfile\MemberProfile.csproj", "{307D01AC-05DC-40D4-847F-0ABE5BD95F1C}"
EndProject
Project("{FAE04EC0-301F-11D3-BF4B-00C04F79EFBC}") = "Vanjaro.Migrate", "DesktopModules\Vanjaro\UXManager\Extensions\Migrate\Vanjaro.Migrate.csproj", "{908ADE15-4D6C-4EA0-962F-5C5F89EEC8D0}"
EndProject
Project("{2150E333-8FDC-42A3-9474-1A3956D46DE8}") = "Core", "Core", "{9708D33F-4C35-4076-BD11-34844B74B596}"
EndProject
Project("{FAE04EC0-301F-11D3-BF4B-00C04F79EFBC}") = "SiteGroups", "DesktopModules\Vanjaro\UXManager\Extensions\Menu\SiteGroups\SiteGroups.csproj", "{54E19754-D7BA-41E1-831D-5C31DC976AF9}"
EndProject
Project("{FAE04EC0-301F-11D3-BF4B-00C04F79EFBC}") = "GoogleReCaptcha", "DesktopModules\Vanjaro\UXManager\Extensions\Menu\GoogleReCaptcha\GoogleReCaptcha.csproj", "{AC3F54B3-D038-420A-8607-1CC4A0E6AAEF}"
EndProject
Project("{FAE04EC0-301F-11D3-BF4B-00C04F79EFBC}") = "Vanjaro.URL", "DesktopModules\Vanjaro\URLManager\Vanjaro.URL.csproj", "{850F7BD6-346A-4E09-AB09-9E1329FFD138}"
EndProject
Project("{FAE04EC0-301F-11D3-BF4B-00C04F79EFBC}") = "BlockSettings", "DesktopModules\Vanjaro\UXManager\Extensions\Apps\BlockSettings\BlockSettings.csproj", "{E9A66748-1CA1-46CA-8CFB-F02B063144E8}"
EndProject
Global
	GlobalSection(SolutionConfigurationPlatforms) = preSolution
		Debug|Any CPU = Debug|Any CPU
		Internal|Any CPU = Internal|Any CPU
		Release|Any CPU = Release|Any CPU
	EndGlobalSection
	GlobalSection(ProjectConfigurationPlatforms) = postSolution
		{3ED0D4A5-E2DA-4DD9-AB64-9E0A2B6B4305}.Debug|Any CPU.ActiveCfg = Debug|Any CPU
		{3ED0D4A5-E2DA-4DD9-AB64-9E0A2B6B4305}.Debug|Any CPU.Build.0 = Debug|Any CPU
		{3ED0D4A5-E2DA-4DD9-AB64-9E0A2B6B4305}.Internal|Any CPU.ActiveCfg = Internal|Any CPU
		{3ED0D4A5-E2DA-4DD9-AB64-9E0A2B6B4305}.Internal|Any CPU.Build.0 = Internal|Any CPU
		{3ED0D4A5-E2DA-4DD9-AB64-9E0A2B6B4305}.Release|Any CPU.ActiveCfg = Release|Any CPU
		{3ED0D4A5-E2DA-4DD9-AB64-9E0A2B6B4305}.Release|Any CPU.Build.0 = Release|Any CPU
		{82603EB3-CFEC-4101-837A-7581D3300540}.Debug|Any CPU.ActiveCfg = Debug|Any CPU
		{82603EB3-CFEC-4101-837A-7581D3300540}.Debug|Any CPU.Build.0 = Debug|Any CPU
		{82603EB3-CFEC-4101-837A-7581D3300540}.Internal|Any CPU.ActiveCfg = Internal|Any CPU
		{82603EB3-CFEC-4101-837A-7581D3300540}.Internal|Any CPU.Build.0 = Internal|Any CPU
		{82603EB3-CFEC-4101-837A-7581D3300540}.Release|Any CPU.ActiveCfg = Release|Any CPU
		{82603EB3-CFEC-4101-837A-7581D3300540}.Release|Any CPU.Build.0 = Release|Any CPU
		{6C622A84-9FB2-4560-83E2-0A68F8C4CF62}.Debug|Any CPU.ActiveCfg = Debug|Any CPU
		{6C622A84-9FB2-4560-83E2-0A68F8C4CF62}.Debug|Any CPU.Build.0 = Debug|Any CPU
		{6C622A84-9FB2-4560-83E2-0A68F8C4CF62}.Internal|Any CPU.ActiveCfg = Internal|Any CPU
		{6C622A84-9FB2-4560-83E2-0A68F8C4CF62}.Internal|Any CPU.Build.0 = Internal|Any CPU
		{6C622A84-9FB2-4560-83E2-0A68F8C4CF62}.Release|Any CPU.ActiveCfg = Release|Any CPU
		{6C622A84-9FB2-4560-83E2-0A68F8C4CF62}.Release|Any CPU.Build.0 = Release|Any CPU
		{D7D6512E-4041-454C-9989-501BB864DFB4}.Debug|Any CPU.ActiveCfg = Debug|Any CPU
		{D7D6512E-4041-454C-9989-501BB864DFB4}.Debug|Any CPU.Build.0 = Debug|Any CPU
		{D7D6512E-4041-454C-9989-501BB864DFB4}.Internal|Any CPU.ActiveCfg = Internal|Any CPU
		{D7D6512E-4041-454C-9989-501BB864DFB4}.Internal|Any CPU.Build.0 = Internal|Any CPU
		{D7D6512E-4041-454C-9989-501BB864DFB4}.Release|Any CPU.ActiveCfg = Release|Any CPU
		{D7D6512E-4041-454C-9989-501BB864DFB4}.Release|Any CPU.Build.0 = Release|Any CPU
		{C57FD756-469D-43DE-99D5-2D9447610EAB}.Debug|Any CPU.ActiveCfg = Debug|Any CPU
		{C57FD756-469D-43DE-99D5-2D9447610EAB}.Debug|Any CPU.Build.0 = Debug|Any CPU
		{C57FD756-469D-43DE-99D5-2D9447610EAB}.Internal|Any CPU.ActiveCfg = Internal|Any CPU
		{C57FD756-469D-43DE-99D5-2D9447610EAB}.Internal|Any CPU.Build.0 = Internal|Any CPU
		{C57FD756-469D-43DE-99D5-2D9447610EAB}.Release|Any CPU.ActiveCfg = Release|Any CPU
		{C57FD756-469D-43DE-99D5-2D9447610EAB}.Release|Any CPU.Build.0 = Release|Any CPU
		{2BF9EFC3-BBB3-4FBC-847E-110F2B232F75}.Debug|Any CPU.ActiveCfg = Debug|Any CPU
		{2BF9EFC3-BBB3-4FBC-847E-110F2B232F75}.Debug|Any CPU.Build.0 = Debug|Any CPU
		{2BF9EFC3-BBB3-4FBC-847E-110F2B232F75}.Internal|Any CPU.ActiveCfg = Internal|Any CPU
		{2BF9EFC3-BBB3-4FBC-847E-110F2B232F75}.Internal|Any CPU.Build.0 = Internal|Any CPU
		{2BF9EFC3-BBB3-4FBC-847E-110F2B232F75}.Release|Any CPU.ActiveCfg = Release|Any CPU
		{2BF9EFC3-BBB3-4FBC-847E-110F2B232F75}.Release|Any CPU.Build.0 = Release|Any CPU
		{2CF08854-C479-4CD0-AD52-5B4D4AC1FBE9}.Debug|Any CPU.ActiveCfg = Debug|Any CPU
		{2CF08854-C479-4CD0-AD52-5B4D4AC1FBE9}.Debug|Any CPU.Build.0 = Debug|Any CPU
		{2CF08854-C479-4CD0-AD52-5B4D4AC1FBE9}.Internal|Any CPU.ActiveCfg = Internal|Any CPU
		{2CF08854-C479-4CD0-AD52-5B4D4AC1FBE9}.Internal|Any CPU.Build.0 = Internal|Any CPU
		{2CF08854-C479-4CD0-AD52-5B4D4AC1FBE9}.Release|Any CPU.ActiveCfg = Release|Any CPU
		{2CF08854-C479-4CD0-AD52-5B4D4AC1FBE9}.Release|Any CPU.Build.0 = Release|Any CPU
		{DC68FFCE-8B6C-4E68-9EA8-88F40593773E}.Debug|Any CPU.ActiveCfg = Debug|Any CPU
		{DC68FFCE-8B6C-4E68-9EA8-88F40593773E}.Debug|Any CPU.Build.0 = Debug|Any CPU
		{DC68FFCE-8B6C-4E68-9EA8-88F40593773E}.Internal|Any CPU.ActiveCfg = Internal|Any CPU
		{DC68FFCE-8B6C-4E68-9EA8-88F40593773E}.Internal|Any CPU.Build.0 = Internal|Any CPU
		{DC68FFCE-8B6C-4E68-9EA8-88F40593773E}.Release|Any CPU.ActiveCfg = Release|Any CPU
		{DC68FFCE-8B6C-4E68-9EA8-88F40593773E}.Release|Any CPU.Build.0 = Release|Any CPU
		{203151E8-6239-447C-8BF3-41F864A35B23}.Debug|Any CPU.ActiveCfg = Debug|Any CPU
		{203151E8-6239-447C-8BF3-41F864A35B23}.Debug|Any CPU.Build.0 = Debug|Any CPU
		{203151E8-6239-447C-8BF3-41F864A35B23}.Internal|Any CPU.ActiveCfg = Internal|Any CPU
		{203151E8-6239-447C-8BF3-41F864A35B23}.Internal|Any CPU.Build.0 = Internal|Any CPU
		{203151E8-6239-447C-8BF3-41F864A35B23}.Release|Any CPU.ActiveCfg = Release|Any CPU
		{203151E8-6239-447C-8BF3-41F864A35B23}.Release|Any CPU.Build.0 = Release|Any CPU
		{5A2FDB0F-EC95-44A1-9CF4-3CAC9BB6C202}.Debug|Any CPU.ActiveCfg = Debug|Any CPU
		{5A2FDB0F-EC95-44A1-9CF4-3CAC9BB6C202}.Debug|Any CPU.Build.0 = Debug|Any CPU
		{5A2FDB0F-EC95-44A1-9CF4-3CAC9BB6C202}.Internal|Any CPU.ActiveCfg = Internal|Any CPU
		{5A2FDB0F-EC95-44A1-9CF4-3CAC9BB6C202}.Internal|Any CPU.Build.0 = Internal|Any CPU
		{5A2FDB0F-EC95-44A1-9CF4-3CAC9BB6C202}.Release|Any CPU.ActiveCfg = Release|Any CPU
		{5A2FDB0F-EC95-44A1-9CF4-3CAC9BB6C202}.Release|Any CPU.Build.0 = Release|Any CPU
		{9A8E68C0-3760-4E30-81F8-31C2F5C0DE58}.Debug|Any CPU.ActiveCfg = Debug|Any CPU
		{9A8E68C0-3760-4E30-81F8-31C2F5C0DE58}.Debug|Any CPU.Build.0 = Debug|Any CPU
		{9A8E68C0-3760-4E30-81F8-31C2F5C0DE58}.Internal|Any CPU.ActiveCfg = Internal|Any CPU
		{9A8E68C0-3760-4E30-81F8-31C2F5C0DE58}.Internal|Any CPU.Build.0 = Internal|Any CPU
		{9A8E68C0-3760-4E30-81F8-31C2F5C0DE58}.Release|Any CPU.ActiveCfg = Release|Any CPU
		{9A8E68C0-3760-4E30-81F8-31C2F5C0DE58}.Release|Any CPU.Build.0 = Release|Any CPU
		{8E49405C-FF8D-4C9D-9BFE-C42FA5E1F219}.Debug|Any CPU.ActiveCfg = Debug|Any CPU
		{8E49405C-FF8D-4C9D-9BFE-C42FA5E1F219}.Debug|Any CPU.Build.0 = Debug|Any CPU
		{8E49405C-FF8D-4C9D-9BFE-C42FA5E1F219}.Internal|Any CPU.ActiveCfg = Internal|Any CPU
		{8E49405C-FF8D-4C9D-9BFE-C42FA5E1F219}.Internal|Any CPU.Build.0 = Internal|Any CPU
		{8E49405C-FF8D-4C9D-9BFE-C42FA5E1F219}.Release|Any CPU.ActiveCfg = Release|Any CPU
		{8E49405C-FF8D-4C9D-9BFE-C42FA5E1F219}.Release|Any CPU.Build.0 = Release|Any CPU
		{791BD0E5-7940-4848-8739-83AE73AB4EA9}.Debug|Any CPU.ActiveCfg = Debug|Any CPU
		{791BD0E5-7940-4848-8739-83AE73AB4EA9}.Debug|Any CPU.Build.0 = Debug|Any CPU
		{791BD0E5-7940-4848-8739-83AE73AB4EA9}.Internal|Any CPU.ActiveCfg = Internal|Any CPU
		{791BD0E5-7940-4848-8739-83AE73AB4EA9}.Internal|Any CPU.Build.0 = Internal|Any CPU
		{791BD0E5-7940-4848-8739-83AE73AB4EA9}.Release|Any CPU.ActiveCfg = Release|Any CPU
		{791BD0E5-7940-4848-8739-83AE73AB4EA9}.Release|Any CPU.Build.0 = Release|Any CPU
		{E0438231-4675-4CE7-B8C8-342AB24E6F41}.Debug|Any CPU.ActiveCfg = Debug|Any CPU
		{E0438231-4675-4CE7-B8C8-342AB24E6F41}.Debug|Any CPU.Build.0 = Debug|Any CPU
		{E0438231-4675-4CE7-B8C8-342AB24E6F41}.Internal|Any CPU.ActiveCfg = Internal|Any CPU
		{E0438231-4675-4CE7-B8C8-342AB24E6F41}.Internal|Any CPU.Build.0 = Internal|Any CPU
		{E0438231-4675-4CE7-B8C8-342AB24E6F41}.Release|Any CPU.ActiveCfg = Release|Any CPU
		{E0438231-4675-4CE7-B8C8-342AB24E6F41}.Release|Any CPU.Build.0 = Release|Any CPU
		{944BFF0E-0E07-440F-AB49-85E67A3CEF84}.Debug|Any CPU.ActiveCfg = Debug|Any CPU
		{944BFF0E-0E07-440F-AB49-85E67A3CEF84}.Debug|Any CPU.Build.0 = Debug|Any CPU
		{944BFF0E-0E07-440F-AB49-85E67A3CEF84}.Internal|Any CPU.ActiveCfg = Internal|Any CPU
		{944BFF0E-0E07-440F-AB49-85E67A3CEF84}.Internal|Any CPU.Build.0 = Internal|Any CPU
		{944BFF0E-0E07-440F-AB49-85E67A3CEF84}.Release|Any CPU.ActiveCfg = Release|Any CPU
		{944BFF0E-0E07-440F-AB49-85E67A3CEF84}.Release|Any CPU.Build.0 = Release|Any CPU
		{6DDDD6C6-9497-4417-9058-16B9735E2C0E}.Debug|Any CPU.ActiveCfg = Debug|Any CPU
		{6DDDD6C6-9497-4417-9058-16B9735E2C0E}.Debug|Any CPU.Build.0 = Debug|Any CPU
		{6DDDD6C6-9497-4417-9058-16B9735E2C0E}.Internal|Any CPU.ActiveCfg = Internal|Any CPU
		{6DDDD6C6-9497-4417-9058-16B9735E2C0E}.Internal|Any CPU.Build.0 = Internal|Any CPU
		{6DDDD6C6-9497-4417-9058-16B9735E2C0E}.Release|Any CPU.ActiveCfg = Release|Any CPU
		{6DDDD6C6-9497-4417-9058-16B9735E2C0E}.Release|Any CPU.Build.0 = Release|Any CPU
		{853FFE9D-022D-4B1F-8D59-72EBF6709CD1}.Debug|Any CPU.ActiveCfg = Debug|Any CPU
		{853FFE9D-022D-4B1F-8D59-72EBF6709CD1}.Debug|Any CPU.Build.0 = Debug|Any CPU
		{853FFE9D-022D-4B1F-8D59-72EBF6709CD1}.Internal|Any CPU.ActiveCfg = Internal|Any CPU
		{853FFE9D-022D-4B1F-8D59-72EBF6709CD1}.Internal|Any CPU.Build.0 = Internal|Any CPU
		{853FFE9D-022D-4B1F-8D59-72EBF6709CD1}.Release|Any CPU.ActiveCfg = Release|Any CPU
		{853FFE9D-022D-4B1F-8D59-72EBF6709CD1}.Release|Any CPU.Build.0 = Release|Any CPU
		{C88C68EB-E2D4-41EF-AF5B-0037ABD3EAC0}.Debug|Any CPU.ActiveCfg = Debug|Any CPU
		{C88C68EB-E2D4-41EF-AF5B-0037ABD3EAC0}.Debug|Any CPU.Build.0 = Debug|Any CPU
		{C88C68EB-E2D4-41EF-AF5B-0037ABD3EAC0}.Internal|Any CPU.ActiveCfg = Internal|Any CPU
		{C88C68EB-E2D4-41EF-AF5B-0037ABD3EAC0}.Internal|Any CPU.Build.0 = Internal|Any CPU
		{C88C68EB-E2D4-41EF-AF5B-0037ABD3EAC0}.Release|Any CPU.ActiveCfg = Release|Any CPU
		{C88C68EB-E2D4-41EF-AF5B-0037ABD3EAC0}.Release|Any CPU.Build.0 = Release|Any CPU
		{E3107EB3-6699-4EFD-92FA-FAFF6A70D429}.Debug|Any CPU.ActiveCfg = Debug|Any CPU
		{E3107EB3-6699-4EFD-92FA-FAFF6A70D429}.Debug|Any CPU.Build.0 = Debug|Any CPU
		{E3107EB3-6699-4EFD-92FA-FAFF6A70D429}.Internal|Any CPU.ActiveCfg = Internal|Any CPU
		{E3107EB3-6699-4EFD-92FA-FAFF6A70D429}.Internal|Any CPU.Build.0 = Internal|Any CPU
		{E3107EB3-6699-4EFD-92FA-FAFF6A70D429}.Release|Any CPU.ActiveCfg = Release|Any CPU
		{E3107EB3-6699-4EFD-92FA-FAFF6A70D429}.Release|Any CPU.Build.0 = Release|Any CPU
		{2242CB5A-F0EC-476D-8319-969A79E5CE18}.Debug|Any CPU.ActiveCfg = Debug|Any CPU
		{2242CB5A-F0EC-476D-8319-969A79E5CE18}.Debug|Any CPU.Build.0 = Debug|Any CPU
		{2242CB5A-F0EC-476D-8319-969A79E5CE18}.Internal|Any CPU.ActiveCfg = Internal|Any CPU
		{2242CB5A-F0EC-476D-8319-969A79E5CE18}.Internal|Any CPU.Build.0 = Internal|Any CPU
		{2242CB5A-F0EC-476D-8319-969A79E5CE18}.Release|Any CPU.ActiveCfg = Release|Any CPU
		{2242CB5A-F0EC-476D-8319-969A79E5CE18}.Release|Any CPU.Build.0 = Release|Any CPU
		{2CFFE34F-B7B6-4780-8571-7EE8023121CA}.Debug|Any CPU.ActiveCfg = Debug|Any CPU
		{2CFFE34F-B7B6-4780-8571-7EE8023121CA}.Debug|Any CPU.Build.0 = Debug|Any CPU
		{2CFFE34F-B7B6-4780-8571-7EE8023121CA}.Internal|Any CPU.ActiveCfg = Internal|Any CPU
		{2CFFE34F-B7B6-4780-8571-7EE8023121CA}.Internal|Any CPU.Build.0 = Internal|Any CPU
		{2CFFE34F-B7B6-4780-8571-7EE8023121CA}.Release|Any CPU.ActiveCfg = Release|Any CPU
		{2CFFE34F-B7B6-4780-8571-7EE8023121CA}.Release|Any CPU.Build.0 = Release|Any CPU
		{3A59DA7E-D038-46EB-8FB7-33CCCA5E3A7C}.Debug|Any CPU.ActiveCfg = Debug|Any CPU
		{3A59DA7E-D038-46EB-8FB7-33CCCA5E3A7C}.Debug|Any CPU.Build.0 = Debug|Any CPU
		{3A59DA7E-D038-46EB-8FB7-33CCCA5E3A7C}.Internal|Any CPU.ActiveCfg = Internal|Any CPU
		{3A59DA7E-D038-46EB-8FB7-33CCCA5E3A7C}.Internal|Any CPU.Build.0 = Internal|Any CPU
		{3A59DA7E-D038-46EB-8FB7-33CCCA5E3A7C}.Release|Any CPU.ActiveCfg = Release|Any CPU
		{3A59DA7E-D038-46EB-8FB7-33CCCA5E3A7C}.Release|Any CPU.Build.0 = Release|Any CPU
		{C81E7366-9A0A-4B69-8C51-851FF6C36106}.Debug|Any CPU.ActiveCfg = Debug|Any CPU
		{C81E7366-9A0A-4B69-8C51-851FF6C36106}.Debug|Any CPU.Build.0 = Debug|Any CPU
		{C81E7366-9A0A-4B69-8C51-851FF6C36106}.Internal|Any CPU.ActiveCfg = Internal|Any CPU
		{C81E7366-9A0A-4B69-8C51-851FF6C36106}.Internal|Any CPU.Build.0 = Internal|Any CPU
		{C81E7366-9A0A-4B69-8C51-851FF6C36106}.Release|Any CPU.ActiveCfg = Release|Any CPU
		{C81E7366-9A0A-4B69-8C51-851FF6C36106}.Release|Any CPU.Build.0 = Release|Any CPU
		{CC840C91-5E0F-4E34-8710-F9F6D2F87F0C}.Debug|Any CPU.ActiveCfg = Debug|Any CPU
		{CC840C91-5E0F-4E34-8710-F9F6D2F87F0C}.Debug|Any CPU.Build.0 = Debug|Any CPU
		{CC840C91-5E0F-4E34-8710-F9F6D2F87F0C}.Internal|Any CPU.ActiveCfg = Internal|Any CPU
		{CC840C91-5E0F-4E34-8710-F9F6D2F87F0C}.Internal|Any CPU.Build.0 = Internal|Any CPU
		{CC840C91-5E0F-4E34-8710-F9F6D2F87F0C}.Release|Any CPU.ActiveCfg = Release|Any CPU
		{CC840C91-5E0F-4E34-8710-F9F6D2F87F0C}.Release|Any CPU.Build.0 = Release|Any CPU
		{9A1624C8-7480-4B9D-A9C9-F463267BAB8F}.Debug|Any CPU.ActiveCfg = Debug|Any CPU
		{9A1624C8-7480-4B9D-A9C9-F463267BAB8F}.Debug|Any CPU.Build.0 = Debug|Any CPU
		{9A1624C8-7480-4B9D-A9C9-F463267BAB8F}.Internal|Any CPU.ActiveCfg = Internal|Any CPU
		{9A1624C8-7480-4B9D-A9C9-F463267BAB8F}.Internal|Any CPU.Build.0 = Internal|Any CPU
		{9A1624C8-7480-4B9D-A9C9-F463267BAB8F}.Release|Any CPU.ActiveCfg = Release|Any CPU
		{9A1624C8-7480-4B9D-A9C9-F463267BAB8F}.Release|Any CPU.Build.0 = Release|Any CPU
		{86789960-1C4E-4473-A26D-9DDDA71415E8}.Debug|Any CPU.ActiveCfg = Debug|Any CPU
		{86789960-1C4E-4473-A26D-9DDDA71415E8}.Debug|Any CPU.Build.0 = Debug|Any CPU
		{86789960-1C4E-4473-A26D-9DDDA71415E8}.Internal|Any CPU.ActiveCfg = Internal|Any CPU
		{86789960-1C4E-4473-A26D-9DDDA71415E8}.Internal|Any CPU.Build.0 = Internal|Any CPU
		{86789960-1C4E-4473-A26D-9DDDA71415E8}.Release|Any CPU.ActiveCfg = Release|Any CPU
		{86789960-1C4E-4473-A26D-9DDDA71415E8}.Release|Any CPU.Build.0 = Release|Any CPU
		{32BE808C-7DA0-4D5E-AF6C-9DBFE67B7DD5}.Debug|Any CPU.ActiveCfg = Debug|Any CPU
		{32BE808C-7DA0-4D5E-AF6C-9DBFE67B7DD5}.Debug|Any CPU.Build.0 = Debug|Any CPU
		{32BE808C-7DA0-4D5E-AF6C-9DBFE67B7DD5}.Internal|Any CPU.ActiveCfg = Internal|Any CPU
		{32BE808C-7DA0-4D5E-AF6C-9DBFE67B7DD5}.Internal|Any CPU.Build.0 = Internal|Any CPU
		{32BE808C-7DA0-4D5E-AF6C-9DBFE67B7DD5}.Release|Any CPU.ActiveCfg = Release|Any CPU
		{32BE808C-7DA0-4D5E-AF6C-9DBFE67B7DD5}.Release|Any CPU.Build.0 = Release|Any CPU
		{A3CF03BA-248D-42E2-98A9-B83AFF542806}.Debug|Any CPU.ActiveCfg = Debug|Any CPU
		{A3CF03BA-248D-42E2-98A9-B83AFF542806}.Debug|Any CPU.Build.0 = Debug|Any CPU
		{A3CF03BA-248D-42E2-98A9-B83AFF542806}.Internal|Any CPU.ActiveCfg = Internal|Any CPU
		{A3CF03BA-248D-42E2-98A9-B83AFF542806}.Internal|Any CPU.Build.0 = Internal|Any CPU
		{A3CF03BA-248D-42E2-98A9-B83AFF542806}.Release|Any CPU.ActiveCfg = Release|Any CPU
		{A3CF03BA-248D-42E2-98A9-B83AFF542806}.Release|Any CPU.Build.0 = Release|Any CPU
		{B1DE1142-EE87-47A5-82C1-FE73DCE1DA4F}.Debug|Any CPU.ActiveCfg = Debug|Any CPU
		{B1DE1142-EE87-47A5-82C1-FE73DCE1DA4F}.Debug|Any CPU.Build.0 = Debug|Any CPU
		{B1DE1142-EE87-47A5-82C1-FE73DCE1DA4F}.Internal|Any CPU.ActiveCfg = Internal|Any CPU
		{B1DE1142-EE87-47A5-82C1-FE73DCE1DA4F}.Internal|Any CPU.Build.0 = Internal|Any CPU
		{B1DE1142-EE87-47A5-82C1-FE73DCE1DA4F}.Release|Any CPU.ActiveCfg = Release|Any CPU
		{B1DE1142-EE87-47A5-82C1-FE73DCE1DA4F}.Release|Any CPU.Build.0 = Release|Any CPU
		{67837523-7B10-4D1A-8CDB-A8C6355B0AD2}.Debug|Any CPU.ActiveCfg = Debug|Any CPU
		{67837523-7B10-4D1A-8CDB-A8C6355B0AD2}.Debug|Any CPU.Build.0 = Debug|Any CPU
		{67837523-7B10-4D1A-8CDB-A8C6355B0AD2}.Internal|Any CPU.ActiveCfg = Internal|Any CPU
		{67837523-7B10-4D1A-8CDB-A8C6355B0AD2}.Internal|Any CPU.Build.0 = Internal|Any CPU
		{67837523-7B10-4D1A-8CDB-A8C6355B0AD2}.Release|Any CPU.ActiveCfg = Release|Any CPU
		{67837523-7B10-4D1A-8CDB-A8C6355B0AD2}.Release|Any CPU.Build.0 = Release|Any CPU
		{8AA102A4-4427-41BE-838C-A5C5E59EE015}.Debug|Any CPU.ActiveCfg = Debug|Any CPU
		{8AA102A4-4427-41BE-838C-A5C5E59EE015}.Debug|Any CPU.Build.0 = Debug|Any CPU
		{8AA102A4-4427-41BE-838C-A5C5E59EE015}.Internal|Any CPU.ActiveCfg = Internal|Any CPU
		{8AA102A4-4427-41BE-838C-A5C5E59EE015}.Internal|Any CPU.Build.0 = Internal|Any CPU
		{8AA102A4-4427-41BE-838C-A5C5E59EE015}.Release|Any CPU.ActiveCfg = Release|Any CPU
		{8AA102A4-4427-41BE-838C-A5C5E59EE015}.Release|Any CPU.Build.0 = Release|Any CPU
		{AD8F6715-EDD4-48D8-AAB9-35B094AE7856}.Debug|Any CPU.ActiveCfg = Debug|Any CPU
		{AD8F6715-EDD4-48D8-AAB9-35B094AE7856}.Debug|Any CPU.Build.0 = Debug|Any CPU
		{AD8F6715-EDD4-48D8-AAB9-35B094AE7856}.Internal|Any CPU.ActiveCfg = Internal|Any CPU
		{AD8F6715-EDD4-48D8-AAB9-35B094AE7856}.Internal|Any CPU.Build.0 = Internal|Any CPU
		{AD8F6715-EDD4-48D8-AAB9-35B094AE7856}.Release|Any CPU.ActiveCfg = Release|Any CPU
		{AD8F6715-EDD4-48D8-AAB9-35B094AE7856}.Release|Any CPU.Build.0 = Release|Any CPU
		{4FE6D156-AD38-430E-9029-4E5E88C26BA1}.Debug|Any CPU.ActiveCfg = Debug|Any CPU
		{4FE6D156-AD38-430E-9029-4E5E88C26BA1}.Debug|Any CPU.Build.0 = Debug|Any CPU
		{4FE6D156-AD38-430E-9029-4E5E88C26BA1}.Internal|Any CPU.ActiveCfg = Internal|Any CPU
		{4FE6D156-AD38-430E-9029-4E5E88C26BA1}.Internal|Any CPU.Build.0 = Internal|Any CPU
		{4FE6D156-AD38-430E-9029-4E5E88C26BA1}.Release|Any CPU.ActiveCfg = Release|Any CPU
		{4FE6D156-AD38-430E-9029-4E5E88C26BA1}.Release|Any CPU.Build.0 = Release|Any CPU
		{E05355DF-D59E-471E-A7B7-5FC9C709EDD9}.Debug|Any CPU.ActiveCfg = Debug|Any CPU
		{E05355DF-D59E-471E-A7B7-5FC9C709EDD9}.Debug|Any CPU.Build.0 = Debug|Any CPU
		{E05355DF-D59E-471E-A7B7-5FC9C709EDD9}.Internal|Any CPU.ActiveCfg = Internal|Any CPU
		{E05355DF-D59E-471E-A7B7-5FC9C709EDD9}.Internal|Any CPU.Build.0 = Internal|Any CPU
		{E05355DF-D59E-471E-A7B7-5FC9C709EDD9}.Release|Any CPU.ActiveCfg = Release|Any CPU
		{E05355DF-D59E-471E-A7B7-5FC9C709EDD9}.Release|Any CPU.Build.0 = Release|Any CPU
		{66FE5539-D461-4487-A254-4F934DF2FE11}.Debug|Any CPU.ActiveCfg = Debug|Any CPU
		{66FE5539-D461-4487-A254-4F934DF2FE11}.Debug|Any CPU.Build.0 = Debug|Any CPU
		{66FE5539-D461-4487-A254-4F934DF2FE11}.Internal|Any CPU.ActiveCfg = Internal|Any CPU
		{66FE5539-D461-4487-A254-4F934DF2FE11}.Internal|Any CPU.Build.0 = Internal|Any CPU
		{66FE5539-D461-4487-A254-4F934DF2FE11}.Release|Any CPU.ActiveCfg = Release|Any CPU
		{66FE5539-D461-4487-A254-4F934DF2FE11}.Release|Any CPU.Build.0 = Release|Any CPU
		{90908C6D-AD6E-4AA2-AEC3-F5143D598CBE}.Debug|Any CPU.ActiveCfg = Debug|Any CPU
		{90908C6D-AD6E-4AA2-AEC3-F5143D598CBE}.Debug|Any CPU.Build.0 = Debug|Any CPU
		{90908C6D-AD6E-4AA2-AEC3-F5143D598CBE}.Internal|Any CPU.ActiveCfg = Internal|Any CPU
		{90908C6D-AD6E-4AA2-AEC3-F5143D598CBE}.Internal|Any CPU.Build.0 = Internal|Any CPU
		{90908C6D-AD6E-4AA2-AEC3-F5143D598CBE}.Release|Any CPU.ActiveCfg = Release|Any CPU
		{90908C6D-AD6E-4AA2-AEC3-F5143D598CBE}.Release|Any CPU.Build.0 = Release|Any CPU
		{CC6EB7B7-A071-4DCB-AE59-473AA5D0BD68}.Debug|Any CPU.ActiveCfg = Debug|Any CPU
		{CC6EB7B7-A071-4DCB-AE59-473AA5D0BD68}.Debug|Any CPU.Build.0 = Debug|Any CPU
		{CC6EB7B7-A071-4DCB-AE59-473AA5D0BD68}.Internal|Any CPU.ActiveCfg = Internal|Any CPU
		{CC6EB7B7-A071-4DCB-AE59-473AA5D0BD68}.Internal|Any CPU.Build.0 = Internal|Any CPU
		{CC6EB7B7-A071-4DCB-AE59-473AA5D0BD68}.Release|Any CPU.ActiveCfg = Release|Any CPU
		{CC6EB7B7-A071-4DCB-AE59-473AA5D0BD68}.Release|Any CPU.Build.0 = Release|Any CPU
		{601C5977-EEFA-453B-B37D-6083B50C1EB4}.Debug|Any CPU.ActiveCfg = Debug|Any CPU
		{601C5977-EEFA-453B-B37D-6083B50C1EB4}.Debug|Any CPU.Build.0 = Debug|Any CPU
		{601C5977-EEFA-453B-B37D-6083B50C1EB4}.Internal|Any CPU.ActiveCfg = Internal|Any CPU
		{601C5977-EEFA-453B-B37D-6083B50C1EB4}.Internal|Any CPU.Build.0 = Internal|Any CPU
		{601C5977-EEFA-453B-B37D-6083B50C1EB4}.Release|Any CPU.ActiveCfg = Release|Any CPU
		{601C5977-EEFA-453B-B37D-6083B50C1EB4}.Release|Any CPU.Build.0 = Release|Any CPU
		{E51E3C63-C557-4887-AD03-AE24628B9EA7}.Debug|Any CPU.ActiveCfg = Debug|Any CPU
		{E51E3C63-C557-4887-AD03-AE24628B9EA7}.Debug|Any CPU.Build.0 = Debug|Any CPU
		{E51E3C63-C557-4887-AD03-AE24628B9EA7}.Internal|Any CPU.ActiveCfg = Internal|Any CPU
		{E51E3C63-C557-4887-AD03-AE24628B9EA7}.Internal|Any CPU.Build.0 = Internal|Any CPU
		{E51E3C63-C557-4887-AD03-AE24628B9EA7}.Release|Any CPU.ActiveCfg = Release|Any CPU
		{E51E3C63-C557-4887-AD03-AE24628B9EA7}.Release|Any CPU.Build.0 = Release|Any CPU
		{D56919BF-06E5-42A4-A426-5B77C339B208}.Debug|Any CPU.ActiveCfg = Debug|Any CPU
		{D56919BF-06E5-42A4-A426-5B77C339B208}.Debug|Any CPU.Build.0 = Debug|Any CPU
		{D56919BF-06E5-42A4-A426-5B77C339B208}.Internal|Any CPU.ActiveCfg = Internal|Any CPU
		{D56919BF-06E5-42A4-A426-5B77C339B208}.Internal|Any CPU.Build.0 = Internal|Any CPU
		{D56919BF-06E5-42A4-A426-5B77C339B208}.Release|Any CPU.ActiveCfg = Release|Any CPU
		{D56919BF-06E5-42A4-A426-5B77C339B208}.Release|Any CPU.Build.0 = Release|Any CPU
		{7E0E51E5-11AF-4A32-978E-4CDBAD2F7293}.Debug|Any CPU.ActiveCfg = Debug|Any CPU
		{7E0E51E5-11AF-4A32-978E-4CDBAD2F7293}.Debug|Any CPU.Build.0 = Debug|Any CPU
		{7E0E51E5-11AF-4A32-978E-4CDBAD2F7293}.Internal|Any CPU.ActiveCfg = Internal|Any CPU
		{7E0E51E5-11AF-4A32-978E-4CDBAD2F7293}.Internal|Any CPU.Build.0 = Internal|Any CPU
		{7E0E51E5-11AF-4A32-978E-4CDBAD2F7293}.Release|Any CPU.ActiveCfg = Release|Any CPU
		{7E0E51E5-11AF-4A32-978E-4CDBAD2F7293}.Release|Any CPU.Build.0 = Release|Any CPU
		{86B1C940-E613-4C00-A9AA-D4132B99136A}.Debug|Any CPU.ActiveCfg = Debug|Any CPU
		{86B1C940-E613-4C00-A9AA-D4132B99136A}.Debug|Any CPU.Build.0 = Debug|Any CPU
		{86B1C940-E613-4C00-A9AA-D4132B99136A}.Internal|Any CPU.ActiveCfg = Internal|Any CPU
		{86B1C940-E613-4C00-A9AA-D4132B99136A}.Internal|Any CPU.Build.0 = Internal|Any CPU
		{86B1C940-E613-4C00-A9AA-D4132B99136A}.Release|Any CPU.ActiveCfg = Release|Any CPU
		{86B1C940-E613-4C00-A9AA-D4132B99136A}.Release|Any CPU.Build.0 = Release|Any CPU
		{D84368F3-E040-4578-B15C-BE6DBF358ED8}.Debug|Any CPU.ActiveCfg = Debug|Any CPU
		{D84368F3-E040-4578-B15C-BE6DBF358ED8}.Debug|Any CPU.Build.0 = Debug|Any CPU
		{D84368F3-E040-4578-B15C-BE6DBF358ED8}.Internal|Any CPU.ActiveCfg = Internal|Any CPU
		{D84368F3-E040-4578-B15C-BE6DBF358ED8}.Internal|Any CPU.Build.0 = Internal|Any CPU
		{D84368F3-E040-4578-B15C-BE6DBF358ED8}.Release|Any CPU.ActiveCfg = Release|Any CPU
		{D84368F3-E040-4578-B15C-BE6DBF358ED8}.Release|Any CPU.Build.0 = Release|Any CPU
		{DFECDAD2-4818-4379-BD46-E844579492B9}.Debug|Any CPU.ActiveCfg = Debug|Any CPU
		{DFECDAD2-4818-4379-BD46-E844579492B9}.Debug|Any CPU.Build.0 = Debug|Any CPU
		{DFECDAD2-4818-4379-BD46-E844579492B9}.Internal|Any CPU.ActiveCfg = Internal|Any CPU
		{DFECDAD2-4818-4379-BD46-E844579492B9}.Internal|Any CPU.Build.0 = Internal|Any CPU
		{DFECDAD2-4818-4379-BD46-E844579492B9}.Release|Any CPU.ActiveCfg = Release|Any CPU
		{DFECDAD2-4818-4379-BD46-E844579492B9}.Release|Any CPU.Build.0 = Release|Any CPU
		{126F8C3B-45E5-4AC2-A2FD-0BB1D2C798E6}.Debug|Any CPU.ActiveCfg = Debug|Any CPU
		{126F8C3B-45E5-4AC2-A2FD-0BB1D2C798E6}.Debug|Any CPU.Build.0 = Debug|Any CPU
		{126F8C3B-45E5-4AC2-A2FD-0BB1D2C798E6}.Internal|Any CPU.ActiveCfg = Internal|Any CPU
		{126F8C3B-45E5-4AC2-A2FD-0BB1D2C798E6}.Internal|Any CPU.Build.0 = Internal|Any CPU
		{126F8C3B-45E5-4AC2-A2FD-0BB1D2C798E6}.Release|Any CPU.ActiveCfg = Release|Any CPU
		{126F8C3B-45E5-4AC2-A2FD-0BB1D2C798E6}.Release|Any CPU.Build.0 = Release|Any CPU
		{D6EBB03B-4528-45EB-92BC-97E1E88371D8}.Debug|Any CPU.ActiveCfg = Debug|Any CPU
		{D6EBB03B-4528-45EB-92BC-97E1E88371D8}.Debug|Any CPU.Build.0 = Debug|Any CPU
		{D6EBB03B-4528-45EB-92BC-97E1E88371D8}.Internal|Any CPU.ActiveCfg = Internal|Any CPU
		{D6EBB03B-4528-45EB-92BC-97E1E88371D8}.Internal|Any CPU.Build.0 = Internal|Any CPU
		{D6EBB03B-4528-45EB-92BC-97E1E88371D8}.Release|Any CPU.ActiveCfg = Release|Any CPU
		{D6EBB03B-4528-45EB-92BC-97E1E88371D8}.Release|Any CPU.Build.0 = Release|Any CPU
		{B150C114-F1C4-479C-BC85-4CFA25557D4B}.Debug|Any CPU.ActiveCfg = Debug|Any CPU
		{B150C114-F1C4-479C-BC85-4CFA25557D4B}.Debug|Any CPU.Build.0 = Debug|Any CPU
		{B150C114-F1C4-479C-BC85-4CFA25557D4B}.Internal|Any CPU.ActiveCfg = Internal|Any CPU
		{B150C114-F1C4-479C-BC85-4CFA25557D4B}.Internal|Any CPU.Build.0 = Internal|Any CPU
		{B150C114-F1C4-479C-BC85-4CFA25557D4B}.Release|Any CPU.ActiveCfg = Release|Any CPU
		{B150C114-F1C4-479C-BC85-4CFA25557D4B}.Release|Any CPU.Build.0 = Release|Any CPU
		{EABF1605-D28B-41B5-A314-7E8AA2DE2441}.Debug|Any CPU.ActiveCfg = Debug|Any CPU
		{EABF1605-D28B-41B5-A314-7E8AA2DE2441}.Debug|Any CPU.Build.0 = Debug|Any CPU
		{EABF1605-D28B-41B5-A314-7E8AA2DE2441}.Internal|Any CPU.ActiveCfg = Internal|Any CPU
		{EABF1605-D28B-41B5-A314-7E8AA2DE2441}.Internal|Any CPU.Build.0 = Internal|Any CPU
		{EABF1605-D28B-41B5-A314-7E8AA2DE2441}.Release|Any CPU.ActiveCfg = Release|Any CPU
		{EABF1605-D28B-41B5-A314-7E8AA2DE2441}.Release|Any CPU.Build.0 = Release|Any CPU
		{02EBB6DB-AA8F-4589-B05C-E6B6F215251D}.Debug|Any CPU.ActiveCfg = Debug|Any CPU
		{02EBB6DB-AA8F-4589-B05C-E6B6F215251D}.Debug|Any CPU.Build.0 = Debug|Any CPU
		{02EBB6DB-AA8F-4589-B05C-E6B6F215251D}.Internal|Any CPU.ActiveCfg = Internal|Any CPU
		{02EBB6DB-AA8F-4589-B05C-E6B6F215251D}.Internal|Any CPU.Build.0 = Internal|Any CPU
		{02EBB6DB-AA8F-4589-B05C-E6B6F215251D}.Release|Any CPU.ActiveCfg = Release|Any CPU
		{02EBB6DB-AA8F-4589-B05C-E6B6F215251D}.Release|Any CPU.Build.0 = Release|Any CPU
		{1923332A-9B4B-429B-A3B6-9EB486F461AC}.Debug|Any CPU.ActiveCfg = Debug|Any CPU
		{1923332A-9B4B-429B-A3B6-9EB486F461AC}.Debug|Any CPU.Build.0 = Debug|Any CPU
		{1923332A-9B4B-429B-A3B6-9EB486F461AC}.Internal|Any CPU.ActiveCfg = Internal|Any CPU
		{1923332A-9B4B-429B-A3B6-9EB486F461AC}.Internal|Any CPU.Build.0 = Internal|Any CPU
		{1923332A-9B4B-429B-A3B6-9EB486F461AC}.Release|Any CPU.ActiveCfg = Release|Any CPU
		{1923332A-9B4B-429B-A3B6-9EB486F461AC}.Release|Any CPU.Build.0 = Release|Any CPU
		{61695DE8-E5B1-4CB7-8476-5D601F8BE990}.Debug|Any CPU.ActiveCfg = Debug|Any CPU
		{61695DE8-E5B1-4CB7-8476-5D601F8BE990}.Debug|Any CPU.Build.0 = Debug|Any CPU
		{61695DE8-E5B1-4CB7-8476-5D601F8BE990}.Internal|Any CPU.ActiveCfg = Internal|Any CPU
		{61695DE8-E5B1-4CB7-8476-5D601F8BE990}.Internal|Any CPU.Build.0 = Internal|Any CPU
		{61695DE8-E5B1-4CB7-8476-5D601F8BE990}.Release|Any CPU.ActiveCfg = Release|Any CPU
		{61695DE8-E5B1-4CB7-8476-5D601F8BE990}.Release|Any CPU.Build.0 = Release|Any CPU
		{A1C9EE2E-4CD8-4BA2-B914-862F540CE3BE}.Debug|Any CPU.ActiveCfg = Debug|Any CPU
		{A1C9EE2E-4CD8-4BA2-B914-862F540CE3BE}.Debug|Any CPU.Build.0 = Debug|Any CPU
		{A1C9EE2E-4CD8-4BA2-B914-862F540CE3BE}.Internal|Any CPU.ActiveCfg = Internal|Any CPU
		{A1C9EE2E-4CD8-4BA2-B914-862F540CE3BE}.Internal|Any CPU.Build.0 = Internal|Any CPU
		{A1C9EE2E-4CD8-4BA2-B914-862F540CE3BE}.Release|Any CPU.ActiveCfg = Release|Any CPU
		{A1C9EE2E-4CD8-4BA2-B914-862F540CE3BE}.Release|Any CPU.Build.0 = Release|Any CPU
		{939606B5-D3D6-46B0-A09D-024508D8DDAF}.Debug|Any CPU.ActiveCfg = Debug|Any CPU
		{939606B5-D3D6-46B0-A09D-024508D8DDAF}.Debug|Any CPU.Build.0 = Debug|Any CPU
		{939606B5-D3D6-46B0-A09D-024508D8DDAF}.Internal|Any CPU.ActiveCfg = Internal|Any CPU
		{939606B5-D3D6-46B0-A09D-024508D8DDAF}.Internal|Any CPU.Build.0 = Internal|Any CPU
		{939606B5-D3D6-46B0-A09D-024508D8DDAF}.Release|Any CPU.ActiveCfg = Release|Any CPU
		{939606B5-D3D6-46B0-A09D-024508D8DDAF}.Release|Any CPU.Build.0 = Release|Any CPU
		{7C83F665-53C5-47D0-94C5-44C4F2EBE3BA}.Debug|Any CPU.ActiveCfg = Debug|Any CPU
		{7C83F665-53C5-47D0-94C5-44C4F2EBE3BA}.Debug|Any CPU.Build.0 = Debug|Any CPU
		{7C83F665-53C5-47D0-94C5-44C4F2EBE3BA}.Internal|Any CPU.ActiveCfg = Internal|Any CPU
		{7C83F665-53C5-47D0-94C5-44C4F2EBE3BA}.Internal|Any CPU.Build.0 = Internal|Any CPU
		{7C83F665-53C5-47D0-94C5-44C4F2EBE3BA}.Release|Any CPU.ActiveCfg = Release|Any CPU
		{7C83F665-53C5-47D0-94C5-44C4F2EBE3BA}.Release|Any CPU.Build.0 = Release|Any CPU
		{E061AA78-7571-4F28-908A-31A65B1694AD}.Debug|Any CPU.ActiveCfg = Debug|Any CPU
		{E061AA78-7571-4F28-908A-31A65B1694AD}.Debug|Any CPU.Build.0 = Debug|Any CPU
		{E061AA78-7571-4F28-908A-31A65B1694AD}.Internal|Any CPU.ActiveCfg = Internal|Any CPU
		{E061AA78-7571-4F28-908A-31A65B1694AD}.Internal|Any CPU.Build.0 = Internal|Any CPU
		{E061AA78-7571-4F28-908A-31A65B1694AD}.Release|Any CPU.ActiveCfg = Release|Any CPU
		{E061AA78-7571-4F28-908A-31A65B1694AD}.Release|Any CPU.Build.0 = Release|Any CPU
		{5C8394F0-8A14-4999-8B0A-228274505DC0}.Debug|Any CPU.ActiveCfg = Debug|Any CPU
		{5C8394F0-8A14-4999-8B0A-228274505DC0}.Debug|Any CPU.Build.0 = Debug|Any CPU
		{5C8394F0-8A14-4999-8B0A-228274505DC0}.Internal|Any CPU.ActiveCfg = Internal|Any CPU
		{5C8394F0-8A14-4999-8B0A-228274505DC0}.Internal|Any CPU.Build.0 = Internal|Any CPU
		{5C8394F0-8A14-4999-8B0A-228274505DC0}.Release|Any CPU.ActiveCfg = Release|Any CPU
		{5C8394F0-8A14-4999-8B0A-228274505DC0}.Release|Any CPU.Build.0 = Release|Any CPU
		{C7D02EE5-0035-4655-AFCC-1F9210C7A890}.Debug|Any CPU.ActiveCfg = Debug|Any CPU
		{C7D02EE5-0035-4655-AFCC-1F9210C7A890}.Debug|Any CPU.Build.0 = Debug|Any CPU
		{C7D02EE5-0035-4655-AFCC-1F9210C7A890}.Internal|Any CPU.ActiveCfg = Internal|Any CPU
		{C7D02EE5-0035-4655-AFCC-1F9210C7A890}.Internal|Any CPU.Build.0 = Internal|Any CPU
		{C7D02EE5-0035-4655-AFCC-1F9210C7A890}.Release|Any CPU.ActiveCfg = Release|Any CPU
		{C7D02EE5-0035-4655-AFCC-1F9210C7A890}.Release|Any CPU.Build.0 = Release|Any CPU
		{8E2887FA-A86D-4C43-82CC-7DA42F87987B}.Debug|Any CPU.ActiveCfg = Debug|Any CPU
		{8E2887FA-A86D-4C43-82CC-7DA42F87987B}.Debug|Any CPU.Build.0 = Debug|Any CPU
		{8E2887FA-A86D-4C43-82CC-7DA42F87987B}.Internal|Any CPU.ActiveCfg = Internal|Any CPU
		{8E2887FA-A86D-4C43-82CC-7DA42F87987B}.Internal|Any CPU.Build.0 = Internal|Any CPU
		{8E2887FA-A86D-4C43-82CC-7DA42F87987B}.Release|Any CPU.ActiveCfg = Release|Any CPU
		{8E2887FA-A86D-4C43-82CC-7DA42F87987B}.Release|Any CPU.Build.0 = Release|Any CPU
		{C2F01381-19BB-421A-900F-525EEFCE3C3B}.Debug|Any CPU.ActiveCfg = Debug|Any CPU
		{C2F01381-19BB-421A-900F-525EEFCE3C3B}.Debug|Any CPU.Build.0 = Debug|Any CPU
		{C2F01381-19BB-421A-900F-525EEFCE3C3B}.Internal|Any CPU.ActiveCfg = Internal|Any CPU
		{C2F01381-19BB-421A-900F-525EEFCE3C3B}.Internal|Any CPU.Build.0 = Internal|Any CPU
		{C2F01381-19BB-421A-900F-525EEFCE3C3B}.Release|Any CPU.ActiveCfg = Release|Any CPU
		{C2F01381-19BB-421A-900F-525EEFCE3C3B}.Release|Any CPU.Build.0 = Release|Any CPU
		{7C315B11-BD8A-4655-92A7-4D92589F7CF4}.Debug|Any CPU.ActiveCfg = Debug|Any CPU
		{7C315B11-BD8A-4655-92A7-4D92589F7CF4}.Debug|Any CPU.Build.0 = Debug|Any CPU
		{7C315B11-BD8A-4655-92A7-4D92589F7CF4}.Internal|Any CPU.ActiveCfg = Internal|Any CPU
		{7C315B11-BD8A-4655-92A7-4D92589F7CF4}.Internal|Any CPU.Build.0 = Internal|Any CPU
		{7C315B11-BD8A-4655-92A7-4D92589F7CF4}.Release|Any CPU.ActiveCfg = Release|Any CPU
		{7C315B11-BD8A-4655-92A7-4D92589F7CF4}.Release|Any CPU.Build.0 = Release|Any CPU
		{4E9C5A5F-0AD2-468F-ACF4-4F8947DD6C0B}.Debug|Any CPU.ActiveCfg = Debug|Any CPU
		{4E9C5A5F-0AD2-468F-ACF4-4F8947DD6C0B}.Debug|Any CPU.Build.0 = Debug|Any CPU
		{4E9C5A5F-0AD2-468F-ACF4-4F8947DD6C0B}.Internal|Any CPU.ActiveCfg = Internal|Any CPU
		{4E9C5A5F-0AD2-468F-ACF4-4F8947DD6C0B}.Internal|Any CPU.Build.0 = Internal|Any CPU
		{4E9C5A5F-0AD2-468F-ACF4-4F8947DD6C0B}.Release|Any CPU.ActiveCfg = Release|Any CPU
		{4E9C5A5F-0AD2-468F-ACF4-4F8947DD6C0B}.Release|Any CPU.Build.0 = Release|Any CPU
		{8DB99844-FB01-4465-B22F-2943A9D80A45}.Debug|Any CPU.ActiveCfg = Debug|Any CPU
		{8DB99844-FB01-4465-B22F-2943A9D80A45}.Debug|Any CPU.Build.0 = Debug|Any CPU
		{8DB99844-FB01-4465-B22F-2943A9D80A45}.Internal|Any CPU.ActiveCfg = Internal|Any CPU
		{8DB99844-FB01-4465-B22F-2943A9D80A45}.Internal|Any CPU.Build.0 = Internal|Any CPU
		{8DB99844-FB01-4465-B22F-2943A9D80A45}.Release|Any CPU.ActiveCfg = Release|Any CPU
		{8DB99844-FB01-4465-B22F-2943A9D80A45}.Release|Any CPU.Build.0 = Release|Any CPU
		{307D01AC-05DC-40D4-847F-0ABE5BD95F1C}.Debug|Any CPU.ActiveCfg = Debug|Any CPU
		{307D01AC-05DC-40D4-847F-0ABE5BD95F1C}.Debug|Any CPU.Build.0 = Debug|Any CPU
		{307D01AC-05DC-40D4-847F-0ABE5BD95F1C}.Internal|Any CPU.ActiveCfg = Internal|Any CPU
		{307D01AC-05DC-40D4-847F-0ABE5BD95F1C}.Internal|Any CPU.Build.0 = Internal|Any CPU
		{307D01AC-05DC-40D4-847F-0ABE5BD95F1C}.Release|Any CPU.ActiveCfg = Release|Any CPU
		{307D01AC-05DC-40D4-847F-0ABE5BD95F1C}.Release|Any CPU.Build.0 = Release|Any CPU
		{908ADE15-4D6C-4EA0-962F-5C5F89EEC8D0}.Debug|Any CPU.ActiveCfg = Debug|Any CPU
		{908ADE15-4D6C-4EA0-962F-5C5F89EEC8D0}.Debug|Any CPU.Build.0 = Debug|Any CPU
		{908ADE15-4D6C-4EA0-962F-5C5F89EEC8D0}.Internal|Any CPU.ActiveCfg = Internal|Any CPU
		{908ADE15-4D6C-4EA0-962F-5C5F89EEC8D0}.Internal|Any CPU.Build.0 = Internal|Any CPU
		{908ADE15-4D6C-4EA0-962F-5C5F89EEC8D0}.Release|Any CPU.ActiveCfg = Release|Any CPU
		{908ADE15-4D6C-4EA0-962F-5C5F89EEC8D0}.Release|Any CPU.Build.0 = Release|Any CPU
		{54E19754-D7BA-41E1-831D-5C31DC976AF9}.Debug|Any CPU.ActiveCfg = Debug|Any CPU
		{54E19754-D7BA-41E1-831D-5C31DC976AF9}.Debug|Any CPU.Build.0 = Debug|Any CPU
		{54E19754-D7BA-41E1-831D-5C31DC976AF9}.Internal|Any CPU.ActiveCfg = Internal|Any CPU
		{54E19754-D7BA-41E1-831D-5C31DC976AF9}.Internal|Any CPU.Build.0 = Internal|Any CPU
		{54E19754-D7BA-41E1-831D-5C31DC976AF9}.Release|Any CPU.ActiveCfg = Release|Any CPU
		{54E19754-D7BA-41E1-831D-5C31DC976AF9}.Release|Any CPU.Build.0 = Release|Any CPU
		{AC3F54B3-D038-420A-8607-1CC4A0E6AAEF}.Debug|Any CPU.ActiveCfg = Debug|Any CPU
		{AC3F54B3-D038-420A-8607-1CC4A0E6AAEF}.Debug|Any CPU.Build.0 = Debug|Any CPU
		{AC3F54B3-D038-420A-8607-1CC4A0E6AAEF}.Internal|Any CPU.ActiveCfg = Release|Any CPU
		{AC3F54B3-D038-420A-8607-1CC4A0E6AAEF}.Internal|Any CPU.Build.0 = Release|Any CPU
		{AC3F54B3-D038-420A-8607-1CC4A0E6AAEF}.Release|Any CPU.ActiveCfg = Release|Any CPU
		{AC3F54B3-D038-420A-8607-1CC4A0E6AAEF}.Release|Any CPU.Build.0 = Release|Any CPU
		{850F7BD6-346A-4E09-AB09-9E1329FFD138}.Debug|Any CPU.ActiveCfg = Debug|Any CPU
		{850F7BD6-346A-4E09-AB09-9E1329FFD138}.Debug|Any CPU.Build.0 = Debug|Any CPU
		{850F7BD6-346A-4E09-AB09-9E1329FFD138}.Internal|Any CPU.ActiveCfg = Internal|Any CPU
		{850F7BD6-346A-4E09-AB09-9E1329FFD138}.Internal|Any CPU.Build.0 = Internal|Any CPU
		{850F7BD6-346A-4E09-AB09-9E1329FFD138}.Release|Any CPU.ActiveCfg = Release|Any CPU
		{850F7BD6-346A-4E09-AB09-9E1329FFD138}.Release|Any CPU.Build.0 = Release|Any CPU
		{E9A66748-1CA1-46CA-8CFB-F02B063144E8}.Debug|Any CPU.ActiveCfg = Debug|Any CPU
		{E9A66748-1CA1-46CA-8CFB-F02B063144E8}.Debug|Any CPU.Build.0 = Debug|Any CPU
		{E9A66748-1CA1-46CA-8CFB-F02B063144E8}.Internal|Any CPU.ActiveCfg = Release|Any CPU
		{E9A66748-1CA1-46CA-8CFB-F02B063144E8}.Internal|Any CPU.Build.0 = Release|Any CPU
		{E9A66748-1CA1-46CA-8CFB-F02B063144E8}.Release|Any CPU.ActiveCfg = Release|Any CPU
		{E9A66748-1CA1-46CA-8CFB-F02B063144E8}.Release|Any CPU.Build.0 = Release|Any CPU
	EndGlobalSection
	GlobalSection(SolutionProperties) = preSolution
		HideSolutionNode = FALSE
	EndGlobalSection
	GlobalSection(NestedProjects) = preSolution
		{3ED0D4A5-E2DA-4DD9-AB64-9E0A2B6B4305} = {4E3F7CF8-9178-4C95-8662-A221E237C05A}
		{82603EB3-CFEC-4101-837A-7581D3300540} = {4E3F7CF8-9178-4C95-8662-A221E237C05A}
		{6C622A84-9FB2-4560-83E2-0A68F8C4CF62} = {9708D33F-4C35-4076-BD11-34844B74B596}
		{D7D6512E-4041-454C-9989-501BB864DFB4} = {9708D33F-4C35-4076-BD11-34844B74B596}
		{EA0C6E7E-12B0-4756-92E6-0B063B1FFEB7} = {C06E9479-0ABA-4FA5-9489-2BE3E90167AB}
		{C57FD756-469D-43DE-99D5-2D9447610EAB} = {EA0C6E7E-12B0-4756-92E6-0B063B1FFEB7}
		{4B56FCD9-AB86-46A1-AD4B-E58F4FA94662} = {06B95082-4710-4862-BB7A-80A5C0F56B03}
		{2BF9EFC3-BBB3-4FBC-847E-110F2B232F75} = {4E3F7CF8-9178-4C95-8662-A221E237C05A}
		{2CF08854-C479-4CD0-AD52-5B4D4AC1FBE9} = {4E3F7CF8-9178-4C95-8662-A221E237C05A}
		{D1CE2EAA-57A3-4E39-9B53-0173CCAAD738} = {4B56FCD9-AB86-46A1-AD4B-E58F4FA94662}
		{F9D36388-B85A-4036-923A-C0C5C80DCF79} = {4B56FCD9-AB86-46A1-AD4B-E58F4FA94662}
		{E801F63F-A7CB-4367-A310-BC2D89D4D027} = {4B56FCD9-AB86-46A1-AD4B-E58F4FA94662}
		{AE289E00-EFE5-4EB0-9AF1-9B7E406CBDA2} = {E801F63F-A7CB-4367-A310-BC2D89D4D027}
		{665ACA84-F4B8-4BAB-8D28-F4CEB1038E4B} = {4B56FCD9-AB86-46A1-AD4B-E58F4FA94662}
		{DC68FFCE-8B6C-4E68-9EA8-88F40593773E} = {D1CE2EAA-57A3-4E39-9B53-0173CCAAD738}
		{203151E8-6239-447C-8BF3-41F864A35B23} = {4E3F7CF8-9178-4C95-8662-A221E237C05A}
		{5A2FDB0F-EC95-44A1-9CF4-3CAC9BB6C202} = {D1CE2EAA-57A3-4E39-9B53-0173CCAAD738}
		{9A8E68C0-3760-4E30-81F8-31C2F5C0DE58} = {D1CE2EAA-57A3-4E39-9B53-0173CCAAD738}
		{8E49405C-FF8D-4C9D-9BFE-C42FA5E1F219} = {D1CE2EAA-57A3-4E39-9B53-0173CCAAD738}
		{791BD0E5-7940-4848-8739-83AE73AB4EA9} = {D1CE2EAA-57A3-4E39-9B53-0173CCAAD738}
		{E0438231-4675-4CE7-B8C8-342AB24E6F41} = {D1CE2EAA-57A3-4E39-9B53-0173CCAAD738}
		{944BFF0E-0E07-440F-AB49-85E67A3CEF84} = {F9D36388-B85A-4036-923A-C0C5C80DCF79}
		{6DDDD6C6-9497-4417-9058-16B9735E2C0E} = {F9D36388-B85A-4036-923A-C0C5C80DCF79}
		{853FFE9D-022D-4B1F-8D59-72EBF6709CD1} = {F9D36388-B85A-4036-923A-C0C5C80DCF79}
		{C88C68EB-E2D4-41EF-AF5B-0037ABD3EAC0} = {F9D36388-B85A-4036-923A-C0C5C80DCF79}
		{E3107EB3-6699-4EFD-92FA-FAFF6A70D429} = {F9D36388-B85A-4036-923A-C0C5C80DCF79}
		{2242CB5A-F0EC-476D-8319-969A79E5CE18} = {F9D36388-B85A-4036-923A-C0C5C80DCF79}
		{2CFFE34F-B7B6-4780-8571-7EE8023121CA} = {F9D36388-B85A-4036-923A-C0C5C80DCF79}
		{3A59DA7E-D038-46EB-8FB7-33CCCA5E3A7C} = {F9D36388-B85A-4036-923A-C0C5C80DCF79}
		{C81E7366-9A0A-4B69-8C51-851FF6C36106} = {F9D36388-B85A-4036-923A-C0C5C80DCF79}
		{CC840C91-5E0F-4E34-8710-F9F6D2F87F0C} = {F9D36388-B85A-4036-923A-C0C5C80DCF79}
		{9A1624C8-7480-4B9D-A9C9-F463267BAB8F} = {F9D36388-B85A-4036-923A-C0C5C80DCF79}
		{86789960-1C4E-4473-A26D-9DDDA71415E8} = {F9D36388-B85A-4036-923A-C0C5C80DCF79}
		{32BE808C-7DA0-4D5E-AF6C-9DBFE67B7DD5} = {665ACA84-F4B8-4BAB-8D28-F4CEB1038E4B}
		{A3CF03BA-248D-42E2-98A9-B83AFF542806} = {665ACA84-F4B8-4BAB-8D28-F4CEB1038E4B}
		{B1DE1142-EE87-47A5-82C1-FE73DCE1DA4F} = {665ACA84-F4B8-4BAB-8D28-F4CEB1038E4B}
		{67837523-7B10-4D1A-8CDB-A8C6355B0AD2} = {665ACA84-F4B8-4BAB-8D28-F4CEB1038E4B}
		{8AA102A4-4427-41BE-838C-A5C5E59EE015} = {665ACA84-F4B8-4BAB-8D28-F4CEB1038E4B}
		{AD8F6715-EDD4-48D8-AAB9-35B094AE7856} = {665ACA84-F4B8-4BAB-8D28-F4CEB1038E4B}
		{4FE6D156-AD38-430E-9029-4E5E88C26BA1} = {665ACA84-F4B8-4BAB-8D28-F4CEB1038E4B}
		{E05355DF-D59E-471E-A7B7-5FC9C709EDD9} = {665ACA84-F4B8-4BAB-8D28-F4CEB1038E4B}
		{66FE5539-D461-4487-A254-4F934DF2FE11} = {665ACA84-F4B8-4BAB-8D28-F4CEB1038E4B}
		{90908C6D-AD6E-4AA2-AEC3-F5143D598CBE} = {665ACA84-F4B8-4BAB-8D28-F4CEB1038E4B}
		{CC6EB7B7-A071-4DCB-AE59-473AA5D0BD68} = {AE289E00-EFE5-4EB0-9AF1-9B7E406CBDA2}
		{601C5977-EEFA-453B-B37D-6083B50C1EB4} = {AE289E00-EFE5-4EB0-9AF1-9B7E406CBDA2}
		{E51E3C63-C557-4887-AD03-AE24628B9EA7} = {AE289E00-EFE5-4EB0-9AF1-9B7E406CBDA2}
		{D56919BF-06E5-42A4-A426-5B77C339B208} = {AE289E00-EFE5-4EB0-9AF1-9B7E406CBDA2}
		{7E0E51E5-11AF-4A32-978E-4CDBAD2F7293} = {AE289E00-EFE5-4EB0-9AF1-9B7E406CBDA2}
		{86B1C940-E613-4C00-A9AA-D4132B99136A} = {E801F63F-A7CB-4367-A310-BC2D89D4D027}
		{D84368F3-E040-4578-B15C-BE6DBF358ED8} = {E801F63F-A7CB-4367-A310-BC2D89D4D027}
		{DFECDAD2-4818-4379-BD46-E844579492B9} = {E801F63F-A7CB-4367-A310-BC2D89D4D027}
		{126F8C3B-45E5-4AC2-A2FD-0BB1D2C798E6} = {E801F63F-A7CB-4367-A310-BC2D89D4D027}
		{D6EBB03B-4528-45EB-92BC-97E1E88371D8} = {E801F63F-A7CB-4367-A310-BC2D89D4D027}
		{B150C114-F1C4-479C-BC85-4CFA25557D4B} = {E801F63F-A7CB-4367-A310-BC2D89D4D027}
		{EABF1605-D28B-41B5-A314-7E8AA2DE2441} = {E801F63F-A7CB-4367-A310-BC2D89D4D027}
		{02EBB6DB-AA8F-4589-B05C-E6B6F215251D} = {E801F63F-A7CB-4367-A310-BC2D89D4D027}
		{1923332A-9B4B-429B-A3B6-9EB486F461AC} = {E801F63F-A7CB-4367-A310-BC2D89D4D027}
		{61695DE8-E5B1-4CB7-8476-5D601F8BE990} = {E801F63F-A7CB-4367-A310-BC2D89D4D027}
		{A1C9EE2E-4CD8-4BA2-B914-862F540CE3BE} = {E801F63F-A7CB-4367-A310-BC2D89D4D027}
		{939606B5-D3D6-46B0-A09D-024508D8DDAF} = {E801F63F-A7CB-4367-A310-BC2D89D4D027}
		{7C83F665-53C5-47D0-94C5-44C4F2EBE3BA} = {E801F63F-A7CB-4367-A310-BC2D89D4D027}
		{E061AA78-7571-4F28-908A-31A65B1694AD} = {E801F63F-A7CB-4367-A310-BC2D89D4D027}
		{5C8394F0-8A14-4999-8B0A-228274505DC0} = {E801F63F-A7CB-4367-A310-BC2D89D4D027}
		{C7D02EE5-0035-4655-AFCC-1F9210C7A890} = {E801F63F-A7CB-4367-A310-BC2D89D4D027}
		{8E2887FA-A86D-4C43-82CC-7DA42F87987B} = {E801F63F-A7CB-4367-A310-BC2D89D4D027}
		{C2F01381-19BB-421A-900F-525EEFCE3C3B} = {E801F63F-A7CB-4367-A310-BC2D89D4D027}
		{7C315B11-BD8A-4655-92A7-4D92589F7CF4} = {E801F63F-A7CB-4367-A310-BC2D89D4D027}
		{4E9C5A5F-0AD2-468F-ACF4-4F8947DD6C0B} = {E801F63F-A7CB-4367-A310-BC2D89D4D027}
		{8DB99844-FB01-4465-B22F-2943A9D80A45} = {E801F63F-A7CB-4367-A310-BC2D89D4D027}
		{307D01AC-05DC-40D4-847F-0ABE5BD95F1C} = {E801F63F-A7CB-4367-A310-BC2D89D4D027}
		{908ADE15-4D6C-4EA0-962F-5C5F89EEC8D0} = {4E3F7CF8-9178-4C95-8662-A221E237C05A}
		{9708D33F-4C35-4076-BD11-34844B74B596} = {06B95082-4710-4862-BB7A-80A5C0F56B03}
		{54E19754-D7BA-41E1-831D-5C31DC976AF9} = {E801F63F-A7CB-4367-A310-BC2D89D4D027}
		{AC3F54B3-D038-420A-8607-1CC4A0E6AAEF} = {AE289E00-EFE5-4EB0-9AF1-9B7E406CBDA2}
		{850F7BD6-346A-4E09-AB09-9E1329FFD138} = {4E3F7CF8-9178-4C95-8662-A221E237C05A}
		{E9A66748-1CA1-46CA-8CFB-F02B063144E8} = {D1CE2EAA-57A3-4E39-9B53-0173CCAAD738}
	EndGlobalSection
	GlobalSection(ExtensibilityGlobals) = postSolution
		SolutionGuid = {54A96059-6996-42FC-B348-4E326F62E67A}
	EndGlobalSection
EndGlobal
