
Microsoft Visual Studio Solution File, Format Version 12.00
# Visual Studio Version 16
VisualStudioVersion = 16.0.30717.126
MinimumVisualStudioVersion = 10.0.40219.1
Project("{FAE04EC0-301F-11D3-BF4B-00C04F79EFBC}") = "VSMail", "VSMail.csproj", "{C57FD756-469D-43DE-99D5-2D9447610EAB}"
EndProject
Global
	GlobalSection(SolutionConfigurationPlatforms) = preSolution
		Debug|Any CPU = Debug|Any CPU
		Internal|Any CPU = Internal|Any CPU
		Release|Any CPU = Release|Any CPU
	EndGlobalSection
	GlobalSection(ProjectConfigurationPlatforms) = postSolution
		{C57FD756-469D-43DE-99D5-2D9447610EAB}.Debug|Any CPU.ActiveCfg = Debug|Any CPU
		{C57FD756-469D-43DE-99D5-2D9447610EAB}.Debug|Any CPU.Build.0 = Debug|Any CPU
		{C57FD756-469D-43DE-99D5-2D9447610EAB}.Internal|Any CPU.ActiveCfg = Internal|Any CPU
		{C57FD756-469D-43DE-99D5-2D9447610EAB}.Internal|Any CPU.Build.0 = Internal|Any CPU
		{C57FD756-469D-43DE-99D5-2D9447610EAB}.Release|Any CPU.ActiveCfg = Release|Any CPU
		{C57FD756-469D-43DE-99D5-2D9447610EAB}.Release|Any CPU.Build.0 = Release|Any CPU
	EndGlobalSection
	GlobalSection(SolutionProperties) = preSolution
		HideSolutionNode = FALSE
	EndGlobalSection
	GlobalSection(ExtensibilityGlobals) = postSolution
		SolutionGuid = {478F715D-EA63-420F-A5E1-22D4CF9D4C22}
	EndGlobalSection
EndGlobal
